# This file is autogenerated, do not edit; changes may be undone by the next 'dep ensure'.


[[projects]]
  branch = "default"
  name = "bitbucket.org/ww/goautoneg"
  packages = ["."]
  revision = "75cd24fc2f2c2a2088577d12123ddee5f54e0675"

[[projects]]
  name = "cloud.google.com/go"
  packages = ["compute/metadata"]
  revision = "767c40d6a2e058483c25fa193e963a22da17236d"
  version = "v0.18.0"

[[projects]]
  name = "github.com/Azure/go-autorest"
  packages = [
    "autorest",
    "autorest/adal",
    "autorest/azure",
    "autorest/date"
  ]
  revision = "f6be1abbb5abd0517522f850dd785990d373da7e"
  version = "v9.0.0"

[[projects]]
  name = "github.com/NYTimes/gziphandler"
  packages = ["."]
  revision = "d6f46609c7629af3a02d791a4666866eed3cbd3e"
  version = "v1.0.0"

[[projects]]
  name = "github.com/PuerkitoBio/purell"
  packages = ["."]
  revision = "0bcb03f4b4d0a9428594752bd2a3b9aa0a9d4bd4"
  version = "v1.1.0"

[[projects]]
  branch = "master"
  name = "github.com/PuerkitoBio/urlesc"
  packages = ["."]
  revision = "de5bf2ad457846296e2031421a34e2568e304e35"

[[projects]]
  name = "github.com/asaskevich/govalidator"
  packages = ["."]
  revision = "521b25f4b05fd26bec69d9dedeb8f9c9a83939a8"
  version = "v8"

[[projects]]
  branch = "master"
  name = "github.com/beorn7/perks"
  packages = ["quantile"]
  revision = "4c0e84591b9aa9e6dcfdf3e020114cd81f89d5f9"

[[projects]]
  name = "github.com/coreos/etcd"
  packages = [
    "auth/authpb",
    "client",
    "clientv3",
    "etcdserver/api/v3rpc/rpctypes",
    "etcdserver/etcdserverpb",
    "mvcc/mvccpb",
    "pkg/pathutil",
    "pkg/srv",
    "pkg/tlsutil",
    "pkg/transport",
    "pkg/types",
    "version"
  ]
  revision = "28f3f26c0e303392556035b694f75768d449d33d"
  version = "v3.3.1"

[[projects]]
  name = "github.com/coreos/go-semver"
  packages = ["semver"]
  revision = "8ab6407b697782a06568d4b7f1db25550ec2e4c6"
  version = "v0.2.0"

[[projects]]
  name = "github.com/coreos/go-systemd"
  packages = ["daemon"]
  revision = "40e2722dffead74698ca12a750f64ef313ddce05"
  version = "v16"

[[projects]]
  name = "github.com/davecgh/go-spew"
  packages = ["spew"]
  revision = "346938d642f2ec3594ed81d874461961cd0faa76"
  version = "v1.1.0"

[[projects]]
  name = "github.com/dgrijalva/jwt-go"
  packages = ["."]
  revision = "dbeaa9332f19a944acb5736b4456cfcc02140e29"
  version = "v3.1.0"

[[projects]]
  branch = "master"
  name = "github.com/dustin/go-humanize"
  packages = ["."]
  revision = "bb3d318650d48840a39aa21a027c6630e198e626"

[[projects]]
  name = "github.com/elazarl/go-bindata-assetfs"
  packages = ["."]
  revision = "30f82fa23fd844bd5bb1e5f216db87fd77b5eb43"
  version = "v1.0.0"

[[projects]]
  name = "github.com/emicklei/go-restful"
  packages = [
    ".",
    "log"
  ]
  revision = "26b41036311f2da8242db402557a0dbd09dc83da"
  version = "v2.6.0"

[[projects]]
  name = "github.com/emicklei/go-restful-swagger12"
  packages = ["."]
  revision = "dcef7f55730566d41eae5db10e7d6981829720f6"
  version = "1.0.1"

[[projects]]
  branch = "master"
  name = "github.com/evanphx/json-patch"
  packages = ["."]
  revision = "944e07253867aacae43c04b2e6a239005443f33a"

[[projects]]
  name = "github.com/ghodss/yaml"
  packages = ["."]
  revision = "0ca9ea5df5451ffdf184b4428c902747c2c11cd7"
  version = "v1.0.0"

[[projects]]
  branch = "master"
  name = "github.com/go-openapi/analysis"
  packages = ["."]
  revision = "f59a71f0ece6f9dfb438be7f45148f006cbad88e"

[[projects]]
  branch = "master"
  name = "github.com/go-openapi/errors"
  packages = ["."]
  revision = "7bcb96a367bac6b76e6e42fa84155bb5581dcff8"

[[projects]]
  branch = "master"
  name = "github.com/go-openapi/jsonpointer"
  packages = ["."]
  revision = "779f45308c19820f1a69e9a4cd965f496e0da10f"

[[projects]]
  branch = "master"
  name = "github.com/go-openapi/jsonreference"
  packages = ["."]
  revision = "36d33bfe519efae5632669801b180bf1a245da3b"

[[projects]]
  branch = "master"
  name = "github.com/go-openapi/loads"
  packages = ["."]
  revision = "2a2b323bab96e6b1fdee110e57d959322446e9c9"

[[projects]]
  branch = "master"
  name = "github.com/go-openapi/spec"
  packages = ["."]
  revision = "1de3e0542de65ad8d75452a595886fdd0befb363"

[[projects]]
  branch = "master"
  name = "github.com/go-openapi/strfmt"
  packages = ["."]
  revision = "6d1a47fad79c81e8cd732889cb80e91123951860"

[[projects]]
  branch = "master"
  name = "github.com/go-openapi/swag"
  packages = ["."]
  revision = "84f4bee7c0a6db40e3166044c7983c1c32125429"

[[projects]]
  name = "github.com/gogo/protobuf"
  packages = [
    "gogoproto",
    "proto",
    "protoc-gen-gogo/descriptor",
    "sortkeys"
  ]
  revision = "1adfc126b41513cc696b209667c8656ea7aac67c"
  version = "v1.0.0"

[[projects]]
  branch = "master"
  name = "github.com/golang/glog"
  packages = ["."]
  revision = "23def4e6c14b4da8ac2ed8007337bc5eb5007998"

[[projects]]
  name = "github.com/golang/protobuf"
  packages = [
    "proto",
    "ptypes",
    "ptypes/any",
    "ptypes/duration",
    "ptypes/timestamp"
  ]
  revision = "925541529c1fa6821df4e44ce2723319eb2be768"
  version = "v1.0.0"

[[projects]]
  branch = "master"
  name = "github.com/google/btree"
  packages = ["."]
  revision = "e89373fe6b4a7413d7acd6da1725b83ef713e6e4"

[[projects]]
  branch = "master"
  name = "github.com/google/gofuzz"
  packages = ["."]
  revision = "24818f796faf91cd76ec7bddd72458fbced7a6c1"

[[projects]]
  name = "github.com/googleapis/gnostic"
  packages = [
    "OpenAPIv2",
    "compiler",
    "extensions"
  ]
  revision = "ee43cbb60db7bd22502942cccbc39059117352ab"
  version = "v0.1.0"

[[projects]]
  branch = "master"
  name = "github.com/gophercloud/gophercloud"
  packages = [
    ".",
    "openstack",
    "openstack/identity/v2/tenants",
    "openstack/identity/v2/tokens",
    "openstack/identity/v3/tokens",
    "openstack/utils",
    "pagination"
  ]
  revision = "6da026c32e2d622cc242d32984259c77237aefe1"

[[projects]]
  branch = "master"
  name = "github.com/gregjones/httpcache"
  packages = [
    ".",
    "diskcache"
  ]
  revision = "2bcd89a1743fd4b373f7370ce8ddc14dfbd18229"

[[projects]]
  branch = "master"
  name = "github.com/hashicorp/golang-lru"
  packages = [
    ".",
    "simplelru"
  ]
  revision = "0fb14efe8c47ae851c0034ed7a448854d3d34cf3"

[[projects]]
  branch = "master"
  name = "github.com/howeyc/gopass"
  packages = ["."]
  revision = "bf9dde6d0d2c004a008c27aaee91170c786f6db8"

[[projects]]
  name = "github.com/imdario/mergo"
  packages = ["."]
  revision = "163f41321a19dd09362d4c63cc2489db2015f1f4"
  version = "0.3.2"

[[projects]]
  name = "github.com/inconshreveable/mousetrap"
  packages = ["."]
  revision = "76626ae9c91c4f2a10f34cad8ce83ea42c93bb75"
  version = "v1.0"

[[projects]]
  name = "github.com/json-iterator/go"
  packages = ["."]
  revision = "28452fcdec4e44348d2af0d91d1e9e38da3a9e0a"
  version = "1.0.5"

[[projects]]
  name = "github.com/juju/ratelimit"
  packages = ["."]
  revision = "59fac5042749a5afb9af70e813da1dd5474f0167"
  version = "1.0.1"

[[projects]]
  name = "github.com/kubernetes-incubator/apiserver-builder"
  packages = [
    "pkg/apiserver",
    "pkg/builders",
    "pkg/cmd/server",
    "pkg/controller",
    "pkg/test",
    "pkg/validators"
  ]
  revision = "b7ce760cf80c9917270f830b9589e948e085144d"

[[projects]]
  branch = "master"
  name = "github.com/mailru/easyjson"
  packages = [
    "buffer",
    "jlexer",
    "jwriter"
  ]
  revision = "32fa128f234d041f196a9f3e0fea5ac9772c08e1"

[[projects]]
  name = "github.com/matttproud/golang_protobuf_extensions"
  packages = ["pbutil"]
  revision = "3247c84500bff8d9fb6d579d800f20b3e091582c"
  version = "v1.0.0"

[[projects]]
  branch = "master"
  name = "github.com/mitchellh/mapstructure"
  packages = ["."]
  revision = "a4e142e9c047c904fa2f1e144d9a84e6133024bc"

[[projects]]
  branch = "master"
  name = "github.com/mxk/go-flowrate"
  packages = ["flowrate"]
  revision = "cca7078d478f8520f85629ad7c68962d31ed7682"

[[projects]]
  name = "github.com/onsi/ginkgo"
  packages = [
    ".",
    "config",
    "internal/codelocation",
    "internal/containernode",
    "internal/failer",
    "internal/leafnodes",
    "internal/remote",
    "internal/spec",
    "internal/spec_iterator",
    "internal/specrunner",
    "internal/suite",
    "internal/testingtproxy",
    "internal/writer",
    "reporters",
    "reporters/stenographer",
    "reporters/stenographer/support/go-colorable",
    "reporters/stenographer/support/go-isatty",
    "types"
  ]
  revision = "9eda700730cba42af70d53180f9dcce9266bc2bc"
  version = "v1.4.0"

[[projects]]
  name = "github.com/onsi/gomega"
  packages = [
    ".",
    "format",
    "internal/assertion",
    "internal/asyncassertion",
    "internal/oraclematcher",
    "internal/testingtsupport",
    "matchers",
    "matchers/support/goraph/bipartitegraph",
    "matchers/support/goraph/edge",
    "matchers/support/goraph/node",
    "matchers/support/goraph/util",
    "types"
  ]
  revision = "003f63b7f4cff3fc95357005358af2de0f5fe152"
  version = "v1.3.0"

[[projects]]
  name = "github.com/pborman/uuid"
  packages = ["."]
  revision = "e790cca94e6cc75c7064b1332e63811d4aae1a53"
  version = "v1.1"

[[projects]]
  branch = "master"
  name = "github.com/petar/GoLLRB"
  packages = ["llrb"]
  revision = "53be0d36a84c2a886ca057d34b6aa4468df9ccb4"

[[projects]]
  name = "github.com/peterbourgon/diskv"
  packages = ["."]
  revision = "5f041e8faa004a95c88a202771f4cc3e991971e6"
  version = "v2.0.1"

[[projects]]
  name = "github.com/pkg/errors"
  packages = ["."]
  revision = "645ef00459ed84a119197bfb8d8205042c6df63d"
  version = "v0.8.0"

[[projects]]
  name = "github.com/prometheus/client_golang"
  packages = ["prometheus"]
  revision = "c5b7fccd204277076155f10851dad72b76a49317"
  version = "v0.8.0"

[[projects]]
  branch = "master"
  name = "github.com/prometheus/client_model"
  packages = ["go"]
  revision = "99fa1f4be8e564e8a6b613da7fa6f46c9edafc6c"

[[projects]]
  branch = "master"
  name = "github.com/prometheus/common"
  packages = [
    "expfmt",
    "internal/bitbucket.org/ww/goautoneg",
    "model"
  ]
  revision = "89604d197083d4781071d3c65855d24ecfb0a563"

[[projects]]
  branch = "master"
  name = "github.com/prometheus/procfs"
  packages = [
    ".",
    "internal/util",
    "nfs",
    "xfs"
  ]
  revision = "282c8707aa210456a825798969cc27edda34992a"

[[projects]]
  name = "github.com/spf13/cobra"
  packages = ["."]
  revision = "7b2c5ac9fc04fc5efafb60700713d4fa609b777b"
  version = "v0.0.1"

[[projects]]
  name = "github.com/spf13/pflag"
  packages = ["."]
  revision = "e57e3eeb33f795204c1ca35f56c44f83227c6e66"
  version = "v1.0.0"

[[projects]]
  name = "github.com/ugorji/go"
  packages = ["codec"]
  revision = "9831f2c3ac1068a78f50999a30db84270f647af6"
  version = "v1.1"

[[projects]]
  branch = "master"
  name = "golang.org/x/crypto"
  packages = ["ssh/terminal"]
  revision = "650f4a345ab4e5b245a3034b110ebc7299e68186"

[[projects]]
  branch = "master"
  name = "golang.org/x/net"
  packages = [
    "context",
    "context/ctxhttp",
    "html",
    "html/atom",
    "html/charset",
    "http2",
    "http2/hpack",
    "idna",
    "internal/timeseries",
    "lex/httplex",
    "trace",
    "websocket"
  ]
  revision = "f5dfe339be1d06f81b22525fe34671ee7d2c8904"

[[projects]]
  branch = "master"
  name = "golang.org/x/oauth2"
  packages = [
    ".",
    "google",
    "internal",
    "jws",
    "jwt"
  ]
  revision = "543e37812f10c46c622c9575afd7ad22f22a12ba"

[[projects]]
  branch = "master"
  name = "golang.org/x/sys"
  packages = [
    "unix",
    "windows"
  ]
  revision = "37707fdb30a5b38865cfb95e5aab41707daec7fd"

[[projects]]
  branch = "master"
  name = "golang.org/x/text"
  packages = [
    "collate",
    "collate/build",
    "encoding",
    "encoding/charmap",
    "encoding/htmlindex",
    "encoding/internal",
    "encoding/internal/identifier",
    "encoding/japanese",
    "encoding/korean",
    "encoding/simplifiedchinese",
    "encoding/traditionalchinese",
    "encoding/unicode",
    "internal/colltab",
    "internal/gen",
    "internal/tag",
    "internal/triegen",
    "internal/ucd",
    "internal/utf8internal",
    "language",
    "runes",
    "secure/bidirule",
    "transform",
    "unicode/bidi",
    "unicode/cldr",
    "unicode/norm",
    "unicode/rangetable",
    "width"
  ]
  revision = "4e4a3210bb54bb31f6ab2cdca2edcc0b50c420c1"

[[projects]]
  branch = "master"
  name = "google.golang.org/api"
  packages = [
    "compute/v1",
    "gensupport",
    "googleapi",
    "googleapi/internal/uritemplates"
  ]
  revision = "b0284fdf28b5e4d7c9aa5c26e67035437f711304"

[[projects]]
  name = "google.golang.org/appengine"
  packages = [
    ".",
    "internal",
    "internal/app_identity",
    "internal/base",
    "internal/datastore",
    "internal/log",
    "internal/modules",
    "internal/remote_api",
    "internal/urlfetch",
    "urlfetch"
  ]
  revision = "150dc57a1b433e64154302bdc40b6bb8aefa313a"
  version = "v1.0.0"

[[projects]]
  branch = "master"
  name = "google.golang.org/genproto"
  packages = ["googleapis/rpc/status"]
  revision = "2b5a72b8730b0b16380010cfe5286c42108d88e7"

[[projects]]
  name = "google.golang.org/grpc"
  packages = [
    ".",
    "balancer",
    "balancer/base",
    "balancer/roundrobin",
    "codes",
    "connectivity",
    "credentials",
    "encoding",
    "grpclb/grpc_lb_v1/messages",
    "grpclog",
    "health/grpc_health_v1",
    "internal",
    "keepalive",
    "metadata",
    "naming",
    "peer",
    "resolver",
    "resolver/dns",
    "resolver/passthrough",
    "stats",
    "status",
    "tap",
    "transport"
  ]
  revision = "6b51017f791ae1cfbec89c52efdf444b13b550ef"
  version = "v1.9.2"

[[projects]]
  name = "gopkg.in/inf.v0"
  packages = ["."]
  revision = "3887ee99ecf07df5b447e9b00d9c0b2adaa9f3e4"
  version = "v0.9.0"

[[projects]]
  branch = "v2"
  name = "gopkg.in/mgo.v2"
  packages = [
    "bson",
    "internal/json"
  ]
  revision = "3f83fa5005286a7fe593b055f0d7771a7dce4655"

[[projects]]
  name = "gopkg.in/natefinch/lumberjack.v2"
  packages = ["."]
  revision = "a96e63847dc3c67d17befa69c303767e2f84e54f"
  version = "v2.1"

[[projects]]
  branch = "v2"
  name = "gopkg.in/yaml.v2"
  packages = ["."]
  revision = "d670f9405373e636a5a2765eea47fac0c9bc91a4"

[[projects]]
  branch = "release-1.8"
  name = "k8s.io/api"
  packages = [
    "admissionregistration/v1alpha1",
    "apps/v1beta1",
    "apps/v1beta2",
    "authentication/v1",
    "authentication/v1beta1",
    "authorization/v1",
    "authorization/v1beta1",
    "autoscaling/v1",
    "autoscaling/v2beta1",
    "batch/v1",
    "batch/v1beta1",
    "batch/v2alpha1",
    "certificates/v1beta1",
    "core/v1",
    "extensions/v1beta1",
    "networking/v1",
    "policy/v1beta1",
    "rbac/v1",
    "rbac/v1alpha1",
    "rbac/v1beta1",
    "scheduling/v1alpha1",
    "settings/v1alpha1",
    "storage/v1",
    "storage/v1beta1"
  ]
  revision = "389dfa299845bcf399c16af89987e8775718ea48"

[[projects]]
  branch = "release-1.8"
  name = "k8s.io/apimachinery"
  packages = [
    "pkg/api/equality",
    "pkg/api/errors",
    "pkg/api/meta",
    "pkg/api/resource",
    "pkg/api/validation",
    "pkg/api/validation/path",
    "pkg/apimachinery",
    "pkg/apimachinery/announced",
    "pkg/apimachinery/registered",
    "pkg/apis/meta/internalversion",
    "pkg/apis/meta/v1",
    "pkg/apis/meta/v1/unstructured",
    "pkg/apis/meta/v1/validation",
    "pkg/apis/meta/v1alpha1",
    "pkg/conversion",
    "pkg/conversion/queryparams",
    "pkg/conversion/unstructured",
    "pkg/fields",
    "pkg/labels",
    "pkg/runtime",
    "pkg/runtime/schema",
    "pkg/runtime/serializer",
    "pkg/runtime/serializer/json",
    "pkg/runtime/serializer/protobuf",
    "pkg/runtime/serializer/recognizer",
    "pkg/runtime/serializer/streaming",
    "pkg/runtime/serializer/versioning",
    "pkg/selection",
    "pkg/types",
    "pkg/util/cache",
    "pkg/util/clock",
    "pkg/util/diff",
    "pkg/util/errors",
    "pkg/util/framer",
    "pkg/util/httpstream",
    "pkg/util/intstr",
    "pkg/util/json",
    "pkg/util/mergepatch",
    "pkg/util/net",
    "pkg/util/proxy",
    "pkg/util/rand",
    "pkg/util/runtime",
    "pkg/util/sets",
    "pkg/util/strategicpatch",
    "pkg/util/uuid",
    "pkg/util/validation",
    "pkg/util/validation/field",
    "pkg/util/wait",
    "pkg/util/yaml",
    "pkg/version",
    "pkg/watch",
    "third_party/forked/golang/json",
    "third_party/forked/golang/netutil",
    "third_party/forked/golang/reflect"
  ]
  revision = "4972c8e335e32ab65ba45bde0a99c6544c8a8e4c"

[[projects]]
  branch = "release-1.8"
  name = "k8s.io/apiserver"
  packages = [
    "pkg/admission",
    "pkg/admission/initializer",
    "pkg/admission/plugin/namespace/lifecycle",
    "pkg/apis/apiserver",
    "pkg/apis/apiserver/install",
    "pkg/apis/apiserver/v1alpha1",
    "pkg/apis/audit",
    "pkg/apis/audit/install",
    "pkg/apis/audit/v1alpha1",
    "pkg/apis/audit/v1beta1",
    "pkg/apis/audit/validation",
    "pkg/audit",
    "pkg/audit/policy",
    "pkg/authentication/authenticator",
    "pkg/authentication/authenticatorfactory",
    "pkg/authentication/group",
    "pkg/authentication/request/anonymous",
    "pkg/authentication/request/bearertoken",
    "pkg/authentication/request/headerrequest",
    "pkg/authentication/request/union",
    "pkg/authentication/request/websocket",
    "pkg/authentication/request/x509",
    "pkg/authentication/serviceaccount",
    "pkg/authentication/token/tokenfile",
    "pkg/authentication/user",
    "pkg/authorization/authorizer",
    "pkg/authorization/authorizerfactory",
    "pkg/authorization/union",
    "pkg/endpoints",
    "pkg/endpoints/discovery",
    "pkg/endpoints/filters",
    "pkg/endpoints/handlers",
    "pkg/endpoints/handlers/negotiation",
    "pkg/endpoints/handlers/responsewriters",
    "pkg/endpoints/metrics",
    "pkg/endpoints/openapi",
    "pkg/endpoints/request",
    "pkg/features",
    "pkg/registry/generic",
    "pkg/registry/generic/registry",
    "pkg/registry/rest",
    "pkg/server",
    "pkg/server/filters",
    "pkg/server/healthz",
    "pkg/server/httplog",
    "pkg/server/mux",
    "pkg/server/options",
    "pkg/server/routes",
    "pkg/server/routes/data/swagger",
    "pkg/server/storage",
    "pkg/storage",
    "pkg/storage/errors",
    "pkg/storage/etcd",
    "pkg/storage/etcd/metrics",
    "pkg/storage/etcd/util",
    "pkg/storage/etcd3",
    "pkg/storage/etcd3/preflight",
    "pkg/storage/names",
    "pkg/storage/storagebackend",
    "pkg/storage/storagebackend/factory",
    "pkg/storage/value",
    "pkg/util/feature",
    "pkg/util/flag",
    "pkg/util/flushwriter",
    "pkg/util/logs",
    "pkg/util/trace",
    "pkg/util/webhook",
    "pkg/util/wsstream",
    "plugin/pkg/audit/log",
    "plugin/pkg/audit/webhook",
    "plugin/pkg/authenticator/token/webhook",
    "plugin/pkg/authorizer/webhook"
  ]
  revision = "8cb78a337a7759f5e9ff4799e4f7ad08bd77df95"

[[projects]]
  branch = "release-5.0"
  name = "k8s.io/client-go"
  packages = [
    "discovery",
    "discovery/fake",
    "informers",
    "informers/admissionregistration",
    "informers/admissionregistration/v1alpha1",
    "informers/apps",
    "informers/apps/v1beta1",
    "informers/apps/v1beta2",
    "informers/autoscaling",
    "informers/autoscaling/v1",
    "informers/autoscaling/v2beta1",
    "informers/batch",
    "informers/batch/v1",
    "informers/batch/v1beta1",
    "informers/batch/v2alpha1",
    "informers/certificates",
    "informers/certificates/v1beta1",
    "informers/core",
    "informers/core/v1",
    "informers/extensions",
    "informers/extensions/v1beta1",
    "informers/internalinterfaces",
    "informers/networking",
    "informers/networking/v1",
    "informers/policy",
    "informers/policy/v1beta1",
    "informers/rbac",
    "informers/rbac/v1",
    "informers/rbac/v1alpha1",
    "informers/rbac/v1beta1",
    "informers/scheduling",
    "informers/scheduling/v1alpha1",
    "informers/settings",
    "informers/settings/v1alpha1",
    "informers/storage",
    "informers/storage/v1",
    "informers/storage/v1beta1",
    "kubernetes",
    "kubernetes/scheme",
    "kubernetes/typed/admissionregistration/v1alpha1",
    "kubernetes/typed/apps/v1beta1",
    "kubernetes/typed/apps/v1beta2",
    "kubernetes/typed/authentication/v1",
    "kubernetes/typed/authentication/v1beta1",
    "kubernetes/typed/authorization/v1",
    "kubernetes/typed/authorization/v1beta1",
    "kubernetes/typed/autoscaling/v1",
    "kubernetes/typed/autoscaling/v2beta1",
    "kubernetes/typed/batch/v1",
    "kubernetes/typed/batch/v1beta1",
    "kubernetes/typed/batch/v2alpha1",
    "kubernetes/typed/certificates/v1beta1",
    "kubernetes/typed/core/v1",
    "kubernetes/typed/extensions/v1beta1",
    "kubernetes/typed/networking/v1",
    "kubernetes/typed/policy/v1beta1",
    "kubernetes/typed/rbac/v1",
    "kubernetes/typed/rbac/v1alpha1",
    "kubernetes/typed/rbac/v1beta1",
    "kubernetes/typed/scheduling/v1alpha1",
    "kubernetes/typed/settings/v1alpha1",
    "kubernetes/typed/storage/v1",
    "kubernetes/typed/storage/v1beta1",
    "listers/admissionregistration/v1alpha1",
    "listers/apps/v1beta1",
    "listers/apps/v1beta2",
    "listers/autoscaling/v1",
    "listers/autoscaling/v2beta1",
    "listers/batch/v1",
    "listers/batch/v1beta1",
    "listers/batch/v2alpha1",
    "listers/certificates/v1beta1",
    "listers/core/v1",
    "listers/extensions/v1beta1",
    "listers/networking/v1",
    "listers/policy/v1beta1",
    "listers/rbac/v1",
    "listers/rbac/v1alpha1",
    "listers/rbac/v1beta1",
    "listers/scheduling/v1alpha1",
    "listers/settings/v1alpha1",
    "listers/storage/v1",
    "listers/storage/v1beta1",
    "pkg/version",
    "plugin/pkg/client/auth",
    "plugin/pkg/client/auth/azure",
    "plugin/pkg/client/auth/gcp",
    "plugin/pkg/client/auth/oidc",
    "plugin/pkg/client/auth/openstack",
    "rest",
    "rest/watch",
    "testing",
    "third_party/forked/golang/template",
    "tools/auth",
    "tools/cache",
    "tools/clientcmd",
    "tools/clientcmd/api",
    "tools/clientcmd/api/latest",
    "tools/clientcmd/api/v1",
    "tools/metrics",
    "tools/pager",
    "tools/reference",
    "transport",
    "util/cert",
    "util/flowcontrol",
    "util/homedir",
    "util/integer",
    "util/jsonpath",
    "util/workqueue"
  ]
  revision = "04b7cf8ad6185c7168751d613c638c94f60711be"

[[projects]]
  branch = "master"
  name = "k8s.io/kube-openapi"
  packages = [
    "pkg/builder",
    "pkg/common",
    "pkg/handler",
    "pkg/util"
  ]
  revision = "275e2ce91dec4c05a4094a7b1daee5560b555ac9"

[solve-meta]
  analyzer-name = "dep"
  analyzer-version = 1
  inputs-digest = "a45b31318bfde6352f707acfd63eeab3cf41e70047bc18e8672dcccd9bd002fc"
  solver-name = "gps-cdcl"
  solver-version = 1
